
Microsoft Visual Studio Solution File, Format Version 12.00
# Visual Studio 15
VisualStudioVersion = 15.0.28307.421
MinimumVisualStudioVersion = 10.0.40219.1
Project("{FAE04EC0-301F-11D3-BF4B-00C04F79EFBC}") = "WebApplication_osnove", "WebApplication_osnove\WebApplication_osnove.csproj", "{B49C5249-41F4-4CCF-8C15-9BCCE487D3A3}"
EndProject
Project("{FAE04EC0-301F-11D3-BF4B-00C04F79EFBC}") = "WebFormsPrimjer", "WebFormsPrimjer\WebFormsPrimjer.csproj", "{53989147-FA52-4DDC-947B-4382D5969F13}"
EndProject
Project("{FAE04EC0-301F-11D3-BF4B-00C04F79EFBC}") = "HelloWorld", "HelloWorld\HelloWorld.csproj", "{FC517B1A-3A04-41DC-9E74-8E7CB20DA2C8}"
EndProject
Project("{FAE04EC0-301F-11D3-BF4B-00C04F79EFBC}") = "zadaca_5_5_1_6_1_1", "zadaca_5_5_1_6_1_1\zadaca_5_5_1_6_1_1.csproj", "{A5F7C2D3-7B12-4F5B-A0D6-1EF9F3450F1F}"
EndProject
Project("{FAE04EC0-301F-11D3-BF4B-00C04F79EFBC}") = "Validacije", "Validacije\Validacije.csproj", "{1B90D291-14D6-451A-BB07-4A99BFF8C6D5}"
EndProject
Project("{FAE04EC0-301F-11D3-BF4B-00C04F79EFBC}") = "ado_net_spajanje_na_bazu", "ado_net_spajanje_na_bazu\ado_net_spajanje_na_bazu.csproj", "{8ACC2C26-4C47-4975-9D6E-C3E6ACD265A2}"
EndProject
Project("{FAE04EC0-301F-11D3-BF4B-00C04F79EFBC}") = "ADO_NET_Komponente", "ADO_NET_Komponente\ADO_NET_Komponente.csproj", "{287C2B89-9465-4381-87B3-3B2C22300B92}"
EndProject
Project("{FAE04EC0-301F-11D3-BF4B-00C04F79EFBC}") = "Adresar", "Adfresar\Adresar.csproj", "{1AB7F925-6032-4E26-AC7C-6B99EA6E8CC8}"
EndProject
Global
	GlobalSection(SolutionConfigurationPlatforms) = preSolution
		Debug|Any CPU = Debug|Any CPU
		Release|Any CPU = Release|Any CPU
	EndGlobalSection
	GlobalSection(ProjectConfigurationPlatforms) = postSolution
		{B49C5249-41F4-4CCF-8C15-9BCCE487D3A3}.Debug|Any CPU.ActiveCfg = Debug|Any CPU
		{B49C5249-41F4-4CCF-8C15-9BCCE487D3A3}.Debug|Any CPU.Build.0 = Debug|Any CPU
		{B49C5249-41F4-4CCF-8C15-9BCCE487D3A3}.Release|Any CPU.ActiveCfg = Release|Any CPU
		{B49C5249-41F4-4CCF-8C15-9BCCE487D3A3}.Release|Any CPU.Build.0 = Release|Any CPU
		{53989147-FA52-4DDC-947B-4382D5969F13}.Debug|Any CPU.ActiveCfg = Debug|Any CPU
		{53989147-FA52-4DDC-947B-4382D5969F13}.Debug|Any CPU.Build.0 = Debug|Any CPU
		{53989147-FA52-4DDC-947B-4382D5969F13}.Release|Any CPU.ActiveCfg = Release|Any CPU
		{53989147-FA52-4DDC-947B-4382D5969F13}.Release|Any CPU.Build.0 = Release|Any CPU
		{FC517B1A-3A04-41DC-9E74-8E7CB20DA2C8}.Debug|Any CPU.ActiveCfg = Debug|Any CPU
		{FC517B1A-3A04-41DC-9E74-8E7CB20DA2C8}.Debug|Any CPU.Build.0 = Debug|Any CPU
		{FC517B1A-3A04-41DC-9E74-8E7CB20DA2C8}.Release|Any CPU.ActiveCfg = Release|Any CPU
		{FC517B1A-3A04-41DC-9E74-8E7CB20DA2C8}.Release|Any CPU.Build.0 = Release|Any CPU
		{A5F7C2D3-7B12-4F5B-A0D6-1EF9F3450F1F}.Debug|Any CPU.ActiveCfg = Debug|Any CPU
		{A5F7C2D3-7B12-4F5B-A0D6-1EF9F3450F1F}.Debug|Any CPU.Build.0 = Debug|Any CPU
		{A5F7C2D3-7B12-4F5B-A0D6-1EF9F3450F1F}.Release|Any CPU.ActiveCfg = Release|Any CPU
		{A5F7C2D3-7B12-4F5B-A0D6-1EF9F3450F1F}.Release|Any CPU.Build.0 = Release|Any CPU
		{1B90D291-14D6-451A-BB07-4A99BFF8C6D5}.Debug|Any CPU.ActiveCfg = Debug|Any CPU
		{1B90D291-14D6-451A-BB07-4A99BFF8C6D5}.Debug|Any CPU.Build.0 = Debug|Any CPU
		{1B90D291-14D6-451A-BB07-4A99BFF8C6D5}.Release|Any CPU.ActiveCfg = Release|Any CPU
		{1B90D291-14D6-451A-BB07-4A99BFF8C6D5}.Release|Any CPU.Build.0 = Release|Any CPU
		{8ACC2C26-4C47-4975-9D6E-C3E6ACD265A2}.Debug|Any CPU.ActiveCfg = Debug|Any CPU
		{8ACC2C26-4C47-4975-9D6E-C3E6ACD265A2}.Debug|Any CPU.Build.0 = Debug|Any CPU
		{8ACC2C26-4C47-4975-9D6E-C3E6ACD265A2}.Release|Any CPU.ActiveCfg = Release|Any CPU
		{8ACC2C26-4C47-4975-9D6E-C3E6ACD265A2}.Release|Any CPU.Build.0 = Release|Any CPU
		{287C2B89-9465-4381-87B3-3B2C22300B92}.Debug|Any CPU.ActiveCfg = Debug|Any CPU
		{287C2B89-9465-4381-87B3-3B2C22300B92}.Debug|Any CPU.Build.0 = Debug|Any CPU
		{287C2B89-9465-4381-87B3-3B2C22300B92}.Release|Any CPU.ActiveCfg = Release|Any CPU
		{287C2B89-9465-4381-87B3-3B2C22300B92}.Release|Any CPU.Build.0 = Release|Any CPU
		{1AB7F925-6032-4E26-AC7C-6B99EA6E8CC8}.Debug|Any CPU.ActiveCfg = Debug|Any CPU
		{1AB7F925-6032-4E26-AC7C-6B99EA6E8CC8}.Debug|Any CPU.Build.0 = Debug|Any CPU
		{1AB7F925-6032-4E26-AC7C-6B99EA6E8CC8}.Release|Any CPU.ActiveCfg = Release|Any CPU
		{1AB7F925-6032-4E26-AC7C-6B99EA6E8CC8}.Release|Any CPU.Build.0 = Release|Any CPU
	EndGlobalSection
	GlobalSection(SolutionProperties) = preSolution
		HideSolutionNode = FALSE
	EndGlobalSection
	GlobalSection(ExtensibilityGlobals) = postSolution
		SolutionGuid = {9645ABE9-CCF0-41EC-B57E-C4C0CC681950}
	EndGlobalSection
EndGlobal
